
Microsoft Visual Studio Solution File, Format Version 12.00
# Visual Studio Version 17
VisualStudioVersion = 17.3.32825.248
MinimumVisualStudioVersion = 10.0.40219.1
Project("{FAE04EC0-301F-11D3-BF4B-00C04F79EFBC}") = "WpfLab1", "WpfLab1\WpfLab1.csproj", "{CC3E160B-2701-4666-A8B9-08C608E2EFD3}"
EndProject
Global
	GlobalSection(SolutionConfigurationPlatforms) = preSolution
		Debug|Any CPU = Debug|Any CPU
		Release|Any CPU = Release|Any CPU
	EndGlobalSection
	GlobalSection(ProjectConfigurationPlatforms) = postSolution
		{CC3E160B-2701-4666-A8B9-08C608E2EFD3}.Debug|Any CPU.ActiveCfg = Debug|Any CPU
		{CC3E160B-2701-4666-A8B9-08C608E2EFD3}.Debug|Any CPU.Build.0 = Debug|Any CPU
		{CC3E160B-2701-4666-A8B9-08C608E2EFD3}.Release|Any CPU.ActiveCfg = Release|Any CPU
		{CC3E160B-2701-4666-A8B9-08C608E2EFD3}.Release|Any CPU.Build.0 = Release|Any CPU
	EndGlobalSection
	GlobalSection(SolutionProperties) = preSolution
		HideSolutionNode = FALSE
	EndGlobalSection
	GlobalSection(ExtensibilityGlobals) = postSolution
		SolutionGuid = {FCBAB1BE-5486-41CB-A2C6-1A37B4ABC359}
	EndGlobalSection
EndGlobal
