
Microsoft Visual Studio Solution File, Format Version 12.00
# Visual Studio Version 17
VisualStudioVersion = 17.1.32228.430
MinimumVisualStudioVersion = 10.0.40219.1
Project("{FAE04EC0-301F-11D3-BF4B-00C04F79EFBC}") = "lab10", "lab10\lab10.csproj", "{FCA28D28-FC02-488E-A5C5-9BC7CC5C5FBA}"
EndProject
Project("{FAE04EC0-301F-11D3-BF4B-00C04F79EFBC}") = "TestComplexEditor", "TestComplexEditor\TestComplexEditor.csproj", "{F4B1EA5C-74DA-4C71-8194-FA9096698CFA}"
EndProject
Global
	GlobalSection(SolutionConfigurationPlatforms) = preSolution
		Debug|Any CPU = Debug|Any CPU
		Release|Any CPU = Release|Any CPU
	EndGlobalSection
	GlobalSection(ProjectConfigurationPlatforms) = postSolution
		{FCA28D28-FC02-488E-A5C5-9BC7CC5C5FBA}.Debug|Any CPU.ActiveCfg = Debug|Any CPU
		{FCA28D28-FC02-488E-A5C5-9BC7CC5C5FBA}.Debug|Any CPU.Build.0 = Debug|Any CPU
		{FCA28D28-FC02-488E-A5C5-9BC7CC5C5FBA}.Release|Any CPU.ActiveCfg = Release|Any CPU
		{FCA28D28-FC02-488E-A5C5-9BC7CC5C5FBA}.Release|Any CPU.Build.0 = Release|Any CPU
		{F4B1EA5C-74DA-4C71-8194-FA9096698CFA}.Debug|Any CPU.ActiveCfg = Debug|Any CPU
		{F4B1EA5C-74DA-4C71-8194-FA9096698CFA}.Debug|Any CPU.Build.0 = Debug|Any CPU
		{F4B1EA5C-74DA-4C71-8194-FA9096698CFA}.Release|Any CPU.ActiveCfg = Release|Any CPU
		{F4B1EA5C-74DA-4C71-8194-FA9096698CFA}.Release|Any CPU.Build.0 = Release|Any CPU
	EndGlobalSection
	GlobalSection(SolutionProperties) = preSolution
		HideSolutionNode = FALSE
	EndGlobalSection
	GlobalSection(ExtensibilityGlobals) = postSolution
		SolutionGuid = {002DD065-9C83-42CE-AAE9-A23F09AF8AB8}
	EndGlobalSection
EndGlobal
