
Microsoft Visual Studio Solution File, Format Version 12.00
# Visual Studio Version 17
VisualStudioVersion = 17.1.32228.430
MinimumVisualStudioVersion = 10.0.40219.1
Project("{FAE04EC0-301F-11D3-BF4B-00C04F79EFBC}") = "lab14", "lab14\lab14.csproj", "{3445D492-5AEA-450D-BDB7-DA07BBAFE2F7}"
EndProject
Project("{FAE04EC0-301F-11D3-BF4B-00C04F79EFBC}") = "TestPolynomialClass", "TestPolynomialClass\TestPolynomialClass.csproj", "{C56132CF-B7FF-444A-8A36-C3E8FFE7C418}"
EndProject
Global
	GlobalSection(SolutionConfigurationPlatforms) = preSolution
		Debug|Any CPU = Debug|Any CPU
		Release|Any CPU = Release|Any CPU
	EndGlobalSection
	GlobalSection(ProjectConfigurationPlatforms) = postSolution
		{3445D492-5AEA-450D-BDB7-DA07BBAFE2F7}.Debug|Any CPU.ActiveCfg = Debug|Any CPU
		{3445D492-5AEA-450D-BDB7-DA07BBAFE2F7}.Debug|Any CPU.Build.0 = Debug|Any CPU
		{3445D492-5AEA-450D-BDB7-DA07BBAFE2F7}.Release|Any CPU.ActiveCfg = Release|Any CPU
		{3445D492-5AEA-450D-BDB7-DA07BBAFE2F7}.Release|Any CPU.Build.0 = Release|Any CPU
		{C56132CF-B7FF-444A-8A36-C3E8FFE7C418}.Debug|Any CPU.ActiveCfg = Debug|Any CPU
		{C56132CF-B7FF-444A-8A36-C3E8FFE7C418}.Debug|Any CPU.Build.0 = Debug|Any CPU
		{C56132CF-B7FF-444A-8A36-C3E8FFE7C418}.Release|Any CPU.ActiveCfg = Release|Any CPU
		{C56132CF-B7FF-444A-8A36-C3E8FFE7C418}.Release|Any CPU.Build.0 = Release|Any CPU
	EndGlobalSection
	GlobalSection(SolutionProperties) = preSolution
		HideSolutionNode = FALSE
	EndGlobalSection
	GlobalSection(ExtensibilityGlobals) = postSolution
		SolutionGuid = {4A357AF0-4F09-4371-8667-F8670A240A30}
	EndGlobalSection
EndGlobal
