
Microsoft Visual Studio Solution File, Format Version 12.00
# Visual Studio Version 17
VisualStudioVersion = 17.1.32228.430
MinimumVisualStudioVersion = 10.0.40219.1
Project("{FAE04EC0-301F-11D3-BF4B-00C04F79EFBC}") = "lab9", "lab9\lab9.csproj", "{E7860F29-212C-4776-B381-19851BC3059C}"
EndProject
Project("{FAE04EC0-301F-11D3-BF4B-00C04F79EFBC}") = "TestFractionEditor", "TestFractionEditor\TestFractionEditor.csproj", "{273E5AC7-59F9-48ED-A6F9-2EB598CACAEB}"
EndProject
Global
	GlobalSection(SolutionConfigurationPlatforms) = preSolution
		Debug|Any CPU = Debug|Any CPU
		Release|Any CPU = Release|Any CPU
	EndGlobalSection
	GlobalSection(ProjectConfigurationPlatforms) = postSolution
		{E7860F29-212C-4776-B381-19851BC3059C}.Debug|Any CPU.ActiveCfg = Debug|Any CPU
		{E7860F29-212C-4776-B381-19851BC3059C}.Debug|Any CPU.Build.0 = Debug|Any CPU
		{E7860F29-212C-4776-B381-19851BC3059C}.Release|Any CPU.ActiveCfg = Release|Any CPU
		{E7860F29-212C-4776-B381-19851BC3059C}.Release|Any CPU.Build.0 = Release|Any CPU
		{273E5AC7-59F9-48ED-A6F9-2EB598CACAEB}.Debug|Any CPU.ActiveCfg = Debug|Any CPU
		{273E5AC7-59F9-48ED-A6F9-2EB598CACAEB}.Debug|Any CPU.Build.0 = Debug|Any CPU
		{273E5AC7-59F9-48ED-A6F9-2EB598CACAEB}.Release|Any CPU.ActiveCfg = Release|Any CPU
		{273E5AC7-59F9-48ED-A6F9-2EB598CACAEB}.Release|Any CPU.Build.0 = Release|Any CPU
	EndGlobalSection
	GlobalSection(SolutionProperties) = preSolution
		HideSolutionNode = FALSE
	EndGlobalSection
	GlobalSection(ExtensibilityGlobals) = postSolution
		SolutionGuid = {9769C560-2ABC-47B1-99B3-9470CEFD1AD5}
	EndGlobalSection
EndGlobal
