
Microsoft Visual Studio Solution File, Format Version 12.00
# Visual Studio Version 17
VisualStudioVersion = 17.1.32228.430
MinimumVisualStudioVersion = 10.0.40219.1
Project("{FAE04EC0-301F-11D3-BF4B-00C04F79EFBC}") = "lab3", "lab3.csproj", "{624DEF03-9DE1-4606-9EBA-C28B99691C16}"
EndProject
Global
	GlobalSection(SolutionConfigurationPlatforms) = preSolution
		Debug|Any CPU = Debug|Any CPU
		Release|Any CPU = Release|Any CPU
	EndGlobalSection
	GlobalSection(ProjectConfigurationPlatforms) = postSolution
		{624DEF03-9DE1-4606-9EBA-C28B99691C16}.Debug|Any CPU.ActiveCfg = Debug|Any CPU
		{624DEF03-9DE1-4606-9EBA-C28B99691C16}.Debug|Any CPU.Build.0 = Debug|Any CPU
		{624DEF03-9DE1-4606-9EBA-C28B99691C16}.Release|Any CPU.ActiveCfg = Release|Any CPU
		{624DEF03-9DE1-4606-9EBA-C28B99691C16}.Release|Any CPU.Build.0 = Release|Any CPU
	EndGlobalSection
	GlobalSection(SolutionProperties) = preSolution
		HideSolutionNode = FALSE
	EndGlobalSection
	GlobalSection(ExtensibilityGlobals) = postSolution
		SolutionGuid = {35D5EF13-45C4-4D13-B875-167E672360FF}
	EndGlobalSection
EndGlobal
