
Microsoft Visual Studio Solution File, Format Version 12.00
# Visual Studio Version 17
VisualStudioVersion = 17.3.32825.248
MinimumVisualStudioVersion = 10.0.40219.1
Project("{FAE04EC0-301F-11D3-BF4B-00C04F79EFBC}") = "lab1", "lab1\lab1.csproj", "{1C33BE19-A9E6-4699-8E26-BC8B9E3056F0}"
EndProject
Project("{FAE04EC0-301F-11D3-BF4B-00C04F79EFBC}") = "lab1.Tests", "lab1.Tests\lab1.Tests.csproj", "{CABD6F22-EB36-4462-A4F4-E4687535A329}"
EndProject
Global
	GlobalSection(SolutionConfigurationPlatforms) = preSolution
		Debug|Any CPU = Debug|Any CPU
		Release|Any CPU = Release|Any CPU
	EndGlobalSection
	GlobalSection(ProjectConfigurationPlatforms) = postSolution
		{1C33BE19-A9E6-4699-8E26-BC8B9E3056F0}.Debug|Any CPU.ActiveCfg = Debug|Any CPU
		{1C33BE19-A9E6-4699-8E26-BC8B9E3056F0}.Debug|Any CPU.Build.0 = Debug|Any CPU
		{1C33BE19-A9E6-4699-8E26-BC8B9E3056F0}.Release|Any CPU.ActiveCfg = Release|Any CPU
		{1C33BE19-A9E6-4699-8E26-BC8B9E3056F0}.Release|Any CPU.Build.0 = Release|Any CPU
		{CABD6F22-EB36-4462-A4F4-E4687535A329}.Debug|Any CPU.ActiveCfg = Debug|Any CPU
		{CABD6F22-EB36-4462-A4F4-E4687535A329}.Debug|Any CPU.Build.0 = Debug|Any CPU
		{CABD6F22-EB36-4462-A4F4-E4687535A329}.Release|Any CPU.ActiveCfg = Release|Any CPU
		{CABD6F22-EB36-4462-A4F4-E4687535A329}.Release|Any CPU.Build.0 = Release|Any CPU
	EndGlobalSection
	GlobalSection(SolutionProperties) = preSolution
		HideSolutionNode = FALSE
	EndGlobalSection
	GlobalSection(ExtensibilityGlobals) = postSolution
		SolutionGuid = {8A29D04A-6C17-4BC8-A97E-8702E22E30E0}
	EndGlobalSection
EndGlobal
