
Microsoft Visual Studio Solution File, Format Version 12.00
# Visual Studio Version 17
VisualStudioVersion = 17.3.32825.248
MinimumVisualStudioVersion = 10.0.40219.1
Project("{FAE04EC0-301F-11D3-BF4B-00C04F79EFBC}") = "lab5", "lab5\lab5.csproj", "{D05FEBBC-8DDD-4505-BB82-BFD56A1A11FB}"
EndProject
Project("{FAE04EC0-301F-11D3-BF4B-00C04F79EFBC}") = "TestSimpleFractionClass", "TestSimpleFractionClass\TestSimpleFractionClass.csproj", "{AC372F81-B91E-4697-8267-F8261E542F89}"
EndProject
Global
	GlobalSection(SolutionConfigurationPlatforms) = preSolution
		Debug|Any CPU = Debug|Any CPU
		Release|Any CPU = Release|Any CPU
	EndGlobalSection
	GlobalSection(ProjectConfigurationPlatforms) = postSolution
		{D05FEBBC-8DDD-4505-BB82-BFD56A1A11FB}.Debug|Any CPU.ActiveCfg = Debug|Any CPU
		{D05FEBBC-8DDD-4505-BB82-BFD56A1A11FB}.Debug|Any CPU.Build.0 = Debug|Any CPU
		{D05FEBBC-8DDD-4505-BB82-BFD56A1A11FB}.Release|Any CPU.ActiveCfg = Release|Any CPU
		{D05FEBBC-8DDD-4505-BB82-BFD56A1A11FB}.Release|Any CPU.Build.0 = Release|Any CPU
		{AC372F81-B91E-4697-8267-F8261E542F89}.Debug|Any CPU.ActiveCfg = Debug|Any CPU
		{AC372F81-B91E-4697-8267-F8261E542F89}.Debug|Any CPU.Build.0 = Debug|Any CPU
		{AC372F81-B91E-4697-8267-F8261E542F89}.Release|Any CPU.ActiveCfg = Release|Any CPU
		{AC372F81-B91E-4697-8267-F8261E542F89}.Release|Any CPU.Build.0 = Release|Any CPU
	EndGlobalSection
	GlobalSection(SolutionProperties) = preSolution
		HideSolutionNode = FALSE
	EndGlobalSection
	GlobalSection(ExtensibilityGlobals) = postSolution
		SolutionGuid = {3920C2D4-8FD5-4D5A-8C87-207429003ADC}
	EndGlobalSection
EndGlobal
