
Microsoft Visual Studio Solution File, Format Version 12.00
# Visual Studio Version 17
VisualStudioVersion = 17.1.32228.430
MinimumVisualStudioVersion = 10.0.40219.1
Project("{FAE04EC0-301F-11D3-BF4B-00C04F79EFBC}") = "lab7", "lab7\lab7.csproj", "{69F198F9-B5AF-4860-B11B-E2B3CF36199A}"
EndProject
Project("{FAE04EC0-301F-11D3-BF4B-00C04F79EFBC}") = "TestPNumberClass", "TestPNumberClass\TestPNumberClass.csproj", "{D85BBCE7-5B36-44E7-B54F-4A384ECC5315}"
EndProject
Global
	GlobalSection(SolutionConfigurationPlatforms) = preSolution
		Debug|Any CPU = Debug|Any CPU
		Release|Any CPU = Release|Any CPU
	EndGlobalSection
	GlobalSection(ProjectConfigurationPlatforms) = postSolution
		{69F198F9-B5AF-4860-B11B-E2B3CF36199A}.Debug|Any CPU.ActiveCfg = Debug|Any CPU
		{69F198F9-B5AF-4860-B11B-E2B3CF36199A}.Debug|Any CPU.Build.0 = Debug|Any CPU
		{69F198F9-B5AF-4860-B11B-E2B3CF36199A}.Release|Any CPU.ActiveCfg = Release|Any CPU
		{69F198F9-B5AF-4860-B11B-E2B3CF36199A}.Release|Any CPU.Build.0 = Release|Any CPU
		{D85BBCE7-5B36-44E7-B54F-4A384ECC5315}.Debug|Any CPU.ActiveCfg = Debug|Any CPU
		{D85BBCE7-5B36-44E7-B54F-4A384ECC5315}.Debug|Any CPU.Build.0 = Debug|Any CPU
		{D85BBCE7-5B36-44E7-B54F-4A384ECC5315}.Release|Any CPU.ActiveCfg = Release|Any CPU
		{D85BBCE7-5B36-44E7-B54F-4A384ECC5315}.Release|Any CPU.Build.0 = Release|Any CPU
	EndGlobalSection
	GlobalSection(SolutionProperties) = preSolution
		HideSolutionNode = FALSE
	EndGlobalSection
	GlobalSection(ExtensibilityGlobals) = postSolution
		SolutionGuid = {7BFD555B-3AE3-48D7-9EDD-8EA1C61C3D89}
	EndGlobalSection
EndGlobal
